// !$*UTF8*$!
{
	archiveVersion = 1;
	classes = {
	};
	objectVersion = 50;
	objects = {

/* Begin PBXBuildFile section */
		F32CC6CB25BD9F7B0097B4F4 /* WeatherData.swift in Sources */ = {isa = PBXBuildFile; fileRef = F32CC6CA25BD9F7B0097B4F4 /* WeatherData.swift */; };
		F32CC6D625BDDA880097B4F4 /* SearchLocation.swift in Sources */ = {isa = PBXBuildFile; fileRef = F32CC6D525BDDA880097B4F4 /* SearchLocation.swift */; };
		F32CC6DB25BDDAB70097B4F4 /* SearchViewTableCell.swift in Sources */ = {isa = PBXBuildFile; fileRef = F32CC6DA25BDDAB70097B4F4 /* SearchViewTableCell.swift */; };
		F32CC6DE25BDE8960097B4F4 /* WeatherManager.swift in Sources */ = {isa = PBXBuildFile; fileRef = F32CC6DD25BDE8960097B4F4 /* WeatherManager.swift */; };
		F32CC6E225BDE9250097B4F4 /* WeatherModel.swift in Sources */ = {isa = PBXBuildFile; fileRef = F32CC6E125BDE9250097B4F4 /* WeatherModel.swift */; };
		F32CC6E625BE2C870097B4F4 /* StringExtension.swift in Sources */ = {isa = PBXBuildFile; fileRef = F32CC6E525BE2C870097B4F4 /* StringExtension.swift */; };
		F32CC6EA25BEC9FF0097B4F4 /* DetailViewTableHead.swift in Sources */ = {isa = PBXBuildFile; fileRef = F32CC6E925BEC9FF0097B4F4 /* DetailViewTableHead.swift */; };
		F32CC6ED25BED2CB0097B4F4 /* DetailViewTableCell.swift in Sources */ = {isa = PBXBuildFile; fileRef = F32CC6EC25BED2CB0097B4F4 /* DetailViewTableCell.swift */; };
		F32CC71925BF5DDA0097B4F4 /* CoreDataManager.swift in Sources */ = {isa = PBXBuildFile; fileRef = F32CC71825BF5DDA0097B4F4 /* CoreDataManager.swift */; };
		F32CC73425BF67960097B4F4 /* Model.xcdatamodeld in Sources */ = {isa = PBXBuildFile; fileRef = F32CC73225BF67960097B4F4 /* Model.xcdatamodeld */; };
		F32CC74125BF6AAD0097B4F4 /* FavoriteLocation+CoreDataClass.swift in Sources */ = {isa = PBXBuildFile; fileRef = F32CC73F25BF6AAD0097B4F4 /* FavoriteLocation+CoreDataClass.swift */; };
		F32CC74225BF6AAD0097B4F4 /* FavoriteLocation+CoreDataProperties.swift in Sources */ = {isa = PBXBuildFile; fileRef = F32CC74025BF6AAD0097B4F4 /* FavoriteLocation+CoreDataProperties.swift */; };
		F33D95D825BFA477000A8DFE /* FavoriteLocationCell.swift in Sources */ = {isa = PBXBuildFile; fileRef = F33D95D725BFA477000A8DFE /* FavoriteLocationCell.swift */; };
		F33D95DB25BFB536000A8DFE /* LocationExtension.swift in Sources */ = {isa = PBXBuildFile; fileRef = F33D95DA25BFB536000A8DFE /* LocationExtension.swift */; };
		F39CE43325C0E7900048BD04 /* LocalizationExtension.swift in Sources */ = {isa = PBXBuildFile; fileRef = F39CE43225C0E7900048BD04 /* LocalizationExtension.swift */; };
		F39CE43925C0EA620048BD04 /* Localizable.strings in Resources */ = {isa = PBXBuildFile; fileRef = F39CE43B25C0EA620048BD04 /* Localizable.strings */; };
		F39CE43F25C0ED510048BD04 /* LocalizableConstants.swift in Sources */ = {isa = PBXBuildFile; fileRef = F39CE43E25C0ED510048BD04 /* LocalizableConstants.swift */; };
		F39CE44625C0F2B50048BD04 /* Info.plist in Resources */ = {isa = PBXBuildFile; fileRef = F39CE44225C0F2390048BD04 /* Info.plist */; };
		F39CE44C25C0F3770048BD04 /* InfoPlist.strings in Resources */ = {isa = PBXBuildFile; fileRef = F39CE44E25C0F3770048BD04 /* InfoPlist.strings */; };
		F3A05B5125C18EE000588A58 /* NetStatus.swift in Sources */ = {isa = PBXBuildFile; fileRef = F3A05B5025C18EE000588A58 /* NetStatus.swift */; };
		F3B28DEC25BB55F100757AEF /* AppDelegate.swift in Sources */ = {isa = PBXBuildFile; fileRef = F3B28DEB25BB55F100757AEF /* AppDelegate.swift */; };
		F3B28DEE25BB55F100757AEF /* SceneDelegate.swift in Sources */ = {isa = PBXBuildFile; fileRef = F3B28DED25BB55F100757AEF /* SceneDelegate.swift */; };
		F3B28DF025BB55F100757AEF /* MapViewController.swift in Sources */ = {isa = PBXBuildFile; fileRef = F3B28DEF25BB55F100757AEF /* MapViewController.swift */; };
		F3B28DF525BB55F400757AEF /* Assets.xcassets in Resources */ = {isa = PBXBuildFile; fileRef = F3B28DF425BB55F400757AEF /* Assets.xcassets */; };
		F3B28DF825BB55F400757AEF /* LaunchScreen.storyboard in Resources */ = {isa = PBXBuildFile; fileRef = F3B28DF625BB55F400757AEF /* LaunchScreen.storyboard */; };
		F3B28E0D25BC35C600757AEF /* TabBarController.swift in Sources */ = {isa = PBXBuildFile; fileRef = F3B28E0C25BC35C600757AEF /* TabBarController.swift */; };
		F3B28E1025BC396300757AEF /* SearchViewController.swift in Sources */ = {isa = PBXBuildFile; fileRef = F3B28E0F25BC396300757AEF /* SearchViewController.swift */; };
		F3B28E1325BC397B00757AEF /* FavoritesViewController.swift in Sources */ = {isa = PBXBuildFile; fileRef = F3B28E1225BC397B00757AEF /* FavoritesViewController.swift */; };
		F3B28E1725BC418F00757AEF /* UIExtension.swift in Sources */ = {isa = PBXBuildFile; fileRef = F3B28E1625BC418F00757AEF /* UIExtension.swift */; };
		F3B28E1E25BC6AB200757AEF /* LocationService.swift in Sources */ = {isa = PBXBuildFile; fileRef = F3B28E1D25BC6AB200757AEF /* LocationService.swift */; };
		F3B28E2225BCCCEB00757AEF /* DetailViewController.swift in Sources */ = {isa = PBXBuildFile; fileRef = F3B28E2125BCCCEB00757AEF /* DetailViewController.swift */; };
/* End PBXBuildFile section */

/* Begin PBXFileReference section */
		F32CC6CA25BD9F7B0097B4F4 /* WeatherData.swift */ = {isa = PBXFileReference; lastKnownFileType = sourcecode.swift; path = WeatherData.swift; sourceTree = "<group>"; };
		F32CC6D525BDDA880097B4F4 /* SearchLocation.swift */ = {isa = PBXFileReference; lastKnownFileType = sourcecode.swift; path = SearchLocation.swift; sourceTree = "<group>"; };
		F32CC6DA25BDDAB70097B4F4 /* SearchViewTableCell.swift */ = {isa = PBXFileReference; lastKnownFileType = sourcecode.swift; path = SearchViewTableCell.swift; sourceTree = "<group>"; };
		F32CC6DD25BDE8960097B4F4 /* WeatherManager.swift */ = {isa = PBXFileReference; lastKnownFileType = sourcecode.swift; path = WeatherManager.swift; sourceTree = "<group>"; };
		F32CC6E125BDE9250097B4F4 /* WeatherModel.swift */ = {isa = PBXFileReference; lastKnownFileType = sourcecode.swift; path = WeatherModel.swift; sourceTree = "<group>"; };
		F32CC6E525BE2C870097B4F4 /* StringExtension.swift */ = {isa = PBXFileReference; lastKnownFileType = sourcecode.swift; path = StringExtension.swift; sourceTree = "<group>"; };
		F32CC6E925BEC9FF0097B4F4 /* DetailViewTableHead.swift */ = {isa = PBXFileReference; lastKnownFileType = sourcecode.swift; path = DetailViewTableHead.swift; sourceTree = "<group>"; };
		F32CC6EC25BED2CB0097B4F4 /* DetailViewTableCell.swift */ = {isa = PBXFileReference; lastKnownFileType = sourcecode.swift; path = DetailViewTableCell.swift; sourceTree = "<group>"; };
		F32CC71825BF5DDA0097B4F4 /* CoreDataManager.swift */ = {isa = PBXFileReference; lastKnownFileType = sourcecode.swift; path = CoreDataManager.swift; sourceTree = "<group>"; };
		F32CC73325BF67960097B4F4 /* Model.xcdatamodel */ = {isa = PBXFileReference; lastKnownFileType = wrapper.xcdatamodel; path = Model.xcdatamodel; sourceTree = "<group>"; };
		F32CC73F25BF6AAD0097B4F4 /* FavoriteLocation+CoreDataClass.swift */ = {isa = PBXFileReference; lastKnownFileType = sourcecode.swift; path = "FavoriteLocation+CoreDataClass.swift"; sourceTree = "<group>"; };
		F32CC74025BF6AAD0097B4F4 /* FavoriteLocation+CoreDataProperties.swift */ = {isa = PBXFileReference; lastKnownFileType = sourcecode.swift; path = "FavoriteLocation+CoreDataProperties.swift"; sourceTree = "<group>"; };
		F33D95D725BFA477000A8DFE /* FavoriteLocationCell.swift */ = {isa = PBXFileReference; lastKnownFileType = sourcecode.swift; path = FavoriteLocationCell.swift; sourceTree = "<group>"; };
		F33D95DA25BFB536000A8DFE /* LocationExtension.swift */ = {isa = PBXFileReference; lastKnownFileType = sourcecode.swift; path = LocationExtension.swift; sourceTree = "<group>"; };
		F39CE43225C0E7900048BD04 /* LocalizationExtension.swift */ = {isa = PBXFileReference; lastKnownFileType = sourcecode.swift; path = LocalizationExtension.swift; sourceTree = "<group>"; };
		F39CE43A25C0EA620048BD04 /* en */ = {isa = PBXFileReference; lastKnownFileType = text.plist.strings; name = en; path = en.lproj/Localizable.strings; sourceTree = "<group>"; };
		F39CE43C25C0EA770048BD04 /* sk */ = {isa = PBXFileReference; lastKnownFileType = text.plist.strings; name = sk; path = sk.lproj/Localizable.strings; sourceTree = "<group>"; };
		F39CE43E25C0ED510048BD04 /* LocalizableConstants.swift */ = {isa = PBXFileReference; lastKnownFileType = sourcecode.swift; path = LocalizableConstants.swift; sourceTree = "<group>"; };
		F39CE44525C0F2AD0048BD04 /* Base */ = {isa = PBXFileReference; lastKnownFileType = text.plist.xml; name = Base; path = Base.lproj/Info.plist; sourceTree = "<group>"; };
		F39CE44D25C0F3770048BD04 /* en */ = {isa = PBXFileReference; lastKnownFileType = text.plist.strings; name = en; path = en.lproj/InfoPlist.strings; sourceTree = "<group>"; };
		F39CE44F25C0F37C0048BD04 /* sk */ = {isa = PBXFileReference; lastKnownFileType = text.plist.strings; name = sk; path = sk.lproj/InfoPlist.strings; sourceTree = "<group>"; };
		F3A05B5025C18EE000588A58 /* NetStatus.swift */ = {isa = PBXFileReference; lastKnownFileType = sourcecode.swift; path = NetStatus.swift; sourceTree = "<group>"; };
		F3B28DE825BB55F100757AEF /* assignment.app */ = {isa = PBXFileReference; explicitFileType = wrapper.application; includeInIndex = 0; path = assignment.app; sourceTree = BUILT_PRODUCTS_DIR; };
		F3B28DEB25BB55F100757AEF /* AppDelegate.swift */ = {isa = PBXFileReference; lastKnownFileType = sourcecode.swift; path = AppDelegate.swift; sourceTree = "<group>"; };
		F3B28DED25BB55F100757AEF /* SceneDelegate.swift */ = {isa = PBXFileReference; lastKnownFileType = sourcecode.swift; path = SceneDelegate.swift; sourceTree = "<group>"; };
		F3B28DEF25BB55F100757AEF /* MapViewController.swift */ = {isa = PBXFileReference; lastKnownFileType = sourcecode.swift; path = MapViewController.swift; sourceTree = "<group>"; };
		F3B28DF425BB55F400757AEF /* Assets.xcassets */ = {isa = PBXFileReference; lastKnownFileType = folder.assetcatalog; path = Assets.xcassets; sourceTree = "<group>"; };
		F3B28DF725BB55F400757AEF /* Base */ = {isa = PBXFileReference; lastKnownFileType = file.storyboard; name = Base; path = Base.lproj/LaunchScreen.storyboard; sourceTree = "<group>"; };
		F3B28E0C25BC35C600757AEF /* TabBarController.swift */ = {isa = PBXFileReference; lastKnownFileType = sourcecode.swift; path = TabBarController.swift; sourceTree = "<group>"; };
		F3B28E0F25BC396300757AEF /* SearchViewController.swift */ = {isa = PBXFileReference; lastKnownFileType = sourcecode.swift; path = SearchViewController.swift; sourceTree = "<group>"; };
		F3B28E1225BC397B00757AEF /* FavoritesViewController.swift */ = {isa = PBXFileReference; lastKnownFileType = sourcecode.swift; path = FavoritesViewController.swift; sourceTree = "<group>"; };
		F3B28E1625BC418F00757AEF /* UIExtension.swift */ = {isa = PBXFileReference; lastKnownFileType = sourcecode.swift; path = UIExtension.swift; sourceTree = "<group>"; };
		F3B28E1D25BC6AB200757AEF /* LocationService.swift */ = {isa = PBXFileReference; lastKnownFileType = sourcecode.swift; path = LocationService.swift; sourceTree = "<group>"; };
		F3B28E2125BCCCEB00757AEF /* DetailViewController.swift */ = {isa = PBXFileReference; lastKnownFileType = sourcecode.swift; path = DetailViewController.swift; sourceTree = "<group>"; };
/* End PBXFileReference section */

/* Begin PBXFrameworksBuildPhase section */
		F3B28DE525BB55F100757AEF /* Frameworks */ = {
			isa = PBXFrameworksBuildPhase;
			buildActionMask = 2147483647;
			files = (
			);
			runOnlyForDeploymentPostprocessing = 0;
		};
/* End PBXFrameworksBuildPhase section */

/* Begin PBXGroup section */
		F32CC71F25BF60A20097B4F4 /* Data */ = {
			isa = PBXGroup;
			children = (
				F32CC73F25BF6AAD0097B4F4 /* FavoriteLocation+CoreDataClass.swift */,
				F32CC74025BF6AAD0097B4F4 /* FavoriteLocation+CoreDataProperties.swift */,
			);
			path = Data;
			sourceTree = "<group>";
		};
		F39CE43125C0E7370048BD04 /* Localization */ = {
			isa = PBXGroup;
			children = (
				F39CE43B25C0EA620048BD04 /* Localizable.strings */,
				F39CE43E25C0ED510048BD04 /* LocalizableConstants.swift */,
				F39CE44E25C0F3770048BD04 /* InfoPlist.strings */,
			);
			path = Localization;
			sourceTree = "<group>";
		};
		F3B28DDF25BB55F100757AEF = {
			isa = PBXGroup;
			children = (
				F3B28DEA25BB55F100757AEF /* assignment */,
				F3B28DE925BB55F100757AEF /* Products */,
			);
			sourceTree = "<group>";
		};
		F3B28DE925BB55F100757AEF /* Products */ = {
			isa = PBXGroup;
			children = (
				F3B28DE825BB55F100757AEF /* assignment.app */,
			);
			name = Products;
			sourceTree = "<group>";
		};
		F3B28DEA25BB55F100757AEF /* assignment */ = {
			isa = PBXGroup;
			children = (
				F39CE43125C0E7370048BD04 /* Localization */,
				F32CC71F25BF60A20097B4F4 /* Data */,
				F3B28E1C25BC6A9E00757AEF /* Service */,
				F3B28E1525BC417700757AEF /* Extension */,
				F3B28E0A25BC34E800757AEF /* Controller */,
				F3B28E0925BC34E300757AEF /* View */,
				F3B28E0825BC34D500757AEF /* Model */,
				F3B28DEB25BB55F100757AEF /* AppDelegate.swift */,
				F3B28DED25BB55F100757AEF /* SceneDelegate.swift */,
				F3B28DF425BB55F400757AEF /* Assets.xcassets */,
				F3B28DF625BB55F400757AEF /* LaunchScreen.storyboard */,
				F39CE44225C0F2390048BD04 /* Info.plist */,
				F32CC73225BF67960097B4F4 /* Model.xcdatamodeld */,
			);
			path = assignment;
			sourceTree = "<group>";
		};
		F3B28E0825BC34D500757AEF /* Model */ = {
			isa = PBXGroup;
			children = (
				F32CC6CA25BD9F7B0097B4F4 /* WeatherData.swift */,
				F32CC6E125BDE9250097B4F4 /* WeatherModel.swift */,
				F32CC6DD25BDE8960097B4F4 /* WeatherManager.swift */,
				F32CC6D525BDDA880097B4F4 /* SearchLocation.swift */,
				F32CC71825BF5DDA0097B4F4 /* CoreDataManager.swift */,
			);
			path = Model;
			sourceTree = "<group>";
		};
		F3B28E0925BC34E300757AEF /* View */ = {
			isa = PBXGroup;
			children = (
				F32CC6DA25BDDAB70097B4F4 /* SearchViewTableCell.swift */,
				F32CC6E925BEC9FF0097B4F4 /* DetailViewTableHead.swift */,
				F32CC6EC25BED2CB0097B4F4 /* DetailViewTableCell.swift */,
				F33D95D725BFA477000A8DFE /* FavoriteLocationCell.swift */,
			);
			path = View;
			sourceTree = "<group>";
		};
		F3B28E0A25BC34E800757AEF /* Controller */ = {
			isa = PBXGroup;
			children = (
				F3B28DEF25BB55F100757AEF /* MapViewController.swift */,
				F3B28E0C25BC35C600757AEF /* TabBarController.swift */,
				F3B28E0F25BC396300757AEF /* SearchViewController.swift */,
				F3B28E1225BC397B00757AEF /* FavoritesViewController.swift */,
				F3B28E2125BCCCEB00757AEF /* DetailViewController.swift */,
			);
			path = Controller;
			sourceTree = "<group>";
		};
		F3B28E1525BC417700757AEF /* Extension */ = {
			isa = PBXGroup;
			children = (
				F3B28E1625BC418F00757AEF /* UIExtension.swift */,
				F32CC6E525BE2C870097B4F4 /* StringExtension.swift */,
				F33D95DA25BFB536000A8DFE /* LocationExtension.swift */,
				F39CE43225C0E7900048BD04 /* LocalizationExtension.swift */,
				F3A05B5025C18EE000588A58 /* NetStatus.swift */,
			);
			path = Extension;
			sourceTree = "<group>";
		};
		F3B28E1C25BC6A9E00757AEF /* Service */ = {
			isa = PBXGroup;
			children = (
				F3B28E1D25BC6AB200757AEF /* LocationService.swift */,
			);
			path = Service;
			sourceTree = "<group>";
		};
/* End PBXGroup section */

/* Begin PBXNativeTarget section */
		F3B28DE725BB55F100757AEF /* assignment */ = {
			isa = PBXNativeTarget;
			buildConfigurationList = F3B28DFC25BB55F400757AEF /* Build configuration list for PBXNativeTarget "assignment" */;
			buildPhases = (
				F3B28DE425BB55F100757AEF /* Sources */,
				F3B28DE525BB55F100757AEF /* Frameworks */,
				F3B28DE625BB55F100757AEF /* Resources */,
			);
			buildRules = (
			);
			dependencies = (
			);
			name = assignment;
			productName = assignment;
			productReference = F3B28DE825BB55F100757AEF /* assignment.app */;
			productType = "com.apple.product-type.application";
		};
/* End PBXNativeTarget section */

/* Begin PBXProject section */
		F3B28DE025BB55F100757AEF /* Project object */ = {
			isa = PBXProject;
			attributes = {
				LastSwiftUpdateCheck = 1220;
				LastUpgradeCheck = 1220;
				TargetAttributes = {
					F3B28DE725BB55F100757AEF = {
						CreatedOnToolsVersion = 12.2;
					};
				};
			};
			buildConfigurationList = F3B28DE325BB55F100757AEF /* Build configuration list for PBXProject "assignment" */;
			compatibilityVersion = "Xcode 9.3";
			developmentRegion = en;
			hasScannedForEncodings = 0;
			knownRegions = (
				en,
				Base,
				sk,
			);
			mainGroup = F3B28DDF25BB55F100757AEF;
			productRefGroup = F3B28DE925BB55F100757AEF /* Products */;
			projectDirPath = "";
			projectRoot = "";
			targets = (
				F3B28DE725BB55F100757AEF /* assignment */,
			);
		};
/* End PBXProject section */

/* Begin PBXResourcesBuildPhase section */
		F3B28DE625BB55F100757AEF /* Resources */ = {
			isa = PBXResourcesBuildPhase;
			buildActionMask = 2147483647;
			files = (
				F3B28DF825BB55F400757AEF /* LaunchScreen.storyboard in Resources */,
				F39CE44C25C0F3770048BD04 /* InfoPlist.strings in Resources */,
				F39CE43925C0EA620048BD04 /* Localizable.strings in Resources */,
				F3B28DF525BB55F400757AEF /* Assets.xcassets in Resources */,
				F39CE44625C0F2B50048BD04 /* Info.plist in Resources */,
			);
			runOnlyForDeploymentPostprocessing = 0;
		};
/* End PBXResourcesBuildPhase section */

/* Begin PBXSourcesBuildPhase section */
		F3B28DE425BB55F100757AEF /* Sources */ = {
			isa = PBXSourcesBuildPhase;
			buildActionMask = 2147483647;
			files = (
				F3B28E2225BCCCEB00757AEF /* DetailViewController.swift in Sources */,
				F3B28E1025BC396300757AEF /* SearchViewController.swift in Sources */,
				F32CC6ED25BED2CB0097B4F4 /* DetailViewTableCell.swift in Sources */,
				F32CC6E625BE2C870097B4F4 /* StringExtension.swift in Sources */,
				F3B28DF025BB55F100757AEF /* MapViewController.swift in Sources */,
				F3B28E1E25BC6AB200757AEF /* LocationService.swift in Sources */,
				F32CC71925BF5DDA0097B4F4 /* CoreDataManager.swift in Sources */,
				F3A05B5125C18EE000588A58 /* NetStatus.swift in Sources */,
				F32CC6DE25BDE8960097B4F4 /* WeatherManager.swift in Sources */,
				F32CC74125BF6AAD0097B4F4 /* FavoriteLocation+CoreDataClass.swift in Sources */,
				F3B28E0D25BC35C600757AEF /* TabBarController.swift in Sources */,
				F32CC6DB25BDDAB70097B4F4 /* SearchViewTableCell.swift in Sources */,
				F3B28DEC25BB55F100757AEF /* AppDelegate.swift in Sources */,
				F39CE43325C0E7900048BD04 /* LocalizationExtension.swift in Sources */,
				F32CC6CB25BD9F7B0097B4F4 /* WeatherData.swift in Sources */,
				F3B28E1325BC397B00757AEF /* FavoritesViewController.swift in Sources */,
				F32CC6E225BDE9250097B4F4 /* WeatherModel.swift in Sources */,
				F32CC6EA25BEC9FF0097B4F4 /* DetailViewTableHead.swift in Sources */,
				F33D95D825BFA477000A8DFE /* FavoriteLocationCell.swift in Sources */,
				F32CC74225BF6AAD0097B4F4 /* FavoriteLocation+CoreDataProperties.swift in Sources */,
				F32CC73425BF67960097B4F4 /* Model.xcdatamodeld in Sources */,
				F3B28E1725BC418F00757AEF /* UIExtension.swift in Sources */,
				F33D95DB25BFB536000A8DFE /* LocationExtension.swift in Sources */,
				F39CE43F25C0ED510048BD04 /* LocalizableConstants.swift in Sources */,
				F32CC6D625BDDA880097B4F4 /* SearchLocation.swift in Sources */,
				F3B28DEE25BB55F100757AEF /* SceneDelegate.swift in Sources */,
			);
			runOnlyForDeploymentPostprocessing = 0;
		};
/* End PBXSourcesBuildPhase section */

/* Begin PBXVariantGroup section */
		F39CE43B25C0EA620048BD04 /* Localizable.strings */ = {
			isa = PBXVariantGroup;
			children = (
				F39CE43A25C0EA620048BD04 /* en */,
				F39CE43C25C0EA770048BD04 /* sk */,
			);
			name = Localizable.strings;
			sourceTree = "<group>";
		};
		F39CE44225C0F2390048BD04 /* Info.plist */ = {
			isa = PBXVariantGroup;
			children = (
				F39CE44525C0F2AD0048BD04 /* Base */,
			);
			name = Info.plist;
			sourceTree = "<group>";
		};
		F39CE44E25C0F3770048BD04 /* InfoPlist.strings */ = {
			isa = PBXVariantGroup;
			children = (
				F39CE44D25C0F3770048BD04 /* en */,
				F39CE44F25C0F37C0048BD04 /* sk */,
			);
			name = InfoPlist.strings;
			sourceTree = "<group>";
		};
		F3B28DF625BB55F400757AEF /* LaunchScreen.storyboard */ = {
			isa = PBXVariantGroup;
			children = (
				F3B28DF725BB55F400757AEF /* Base */,
			);
			name = LaunchScreen.storyboard;
			sourceTree = "<group>";
		};
/* End PBXVariantGroup section */

/* Begin XCBuildConfiguration section */
		F3B28DFA25BB55F400757AEF /* Debug */ = {
			isa = XCBuildConfiguration;
			buildSettings = {
				ALWAYS_SEARCH_USER_PATHS = NO;
				CLANG_ANALYZER_LOCALIZABILITY_NONLOCALIZED = YES;
				CLANG_ANALYZER_NONNULL = YES;
				CLANG_ANALYZER_NUMBER_OBJECT_CONVERSION = YES_AGGRESSIVE;
				CLANG_CXX_LANGUAGE_STANDARD = "gnu++14";
				CLANG_CXX_LIBRARY = "libc++";
				CLANG_ENABLE_MODULES = YES;
				CLANG_ENABLE_OBJC_ARC = YES;
				CLANG_ENABLE_OBJC_WEAK = YES;
				CLANG_WARN_BLOCK_CAPTURE_AUTORELEASING = YES;
				CLANG_WARN_BOOL_CONVERSION = YES;
				CLANG_WARN_COMMA = YES;
				CLANG_WARN_CONSTANT_CONVERSION = YES;
				CLANG_WARN_DEPRECATED_OBJC_IMPLEMENTATIONS = YES;
				CLANG_WARN_DIRECT_OBJC_ISA_USAGE = YES_ERROR;
				CLANG_WARN_DOCUMENTATION_COMMENTS = YES;
				CLANG_WARN_EMPTY_BODY = YES;
				CLANG_WARN_ENUM_CONVERSION = YES;
				CLANG_WARN_INFINITE_RECURSION = YES;
				CLANG_WARN_INT_CONVERSION = YES;
				CLANG_WARN_NON_LITERAL_NULL_CONVERSION = YES;
				CLANG_WARN_OBJC_IMPLICIT_RETAIN_SELF = YES;
				CLANG_WARN_OBJC_LITERAL_CONVERSION = YES;
				CLANG_WARN_OBJC_ROOT_CLASS = YES_ERROR;
				CLANG_WARN_QUOTED_INCLUDE_IN_FRAMEWORK_HEADER = YES;
				CLANG_WARN_RANGE_LOOP_ANALYSIS = YES;
				CLANG_WARN_STRICT_PROTOTYPES = YES;
				CLANG_WARN_SUSPICIOUS_MOVE = YES;
				CLANG_WARN_UNGUARDED_AVAILABILITY = YES_AGGRESSIVE;
				CLANG_WARN_UNREACHABLE_CODE = YES;
				CLANG_WARN__DUPLICATE_METHOD_MATCH = YES;
				COPY_PHASE_STRIP = NO;
				DEBUG_INFORMATION_FORMAT = dwarf;
				ENABLE_STRICT_OBJC_MSGSEND = YES;
				ENABLE_TESTABILITY = YES;
				GCC_C_LANGUAGE_STANDARD = gnu11;
				GCC_DYNAMIC_NO_PIC = NO;
				GCC_NO_COMMON_BLOCKS = YES;
				GCC_OPTIMIZATION_LEVEL = 0;
				GCC_PREPROCESSOR_DEFINITIONS = (
					"DEBUG=1",
					"$(inherited)",
				);
				GCC_WARN_64_TO_32_BIT_CONVERSION = YES;
				GCC_WARN_ABOUT_RETURN_TYPE = YES_ERROR;
				GCC_WARN_UNDECLARED_SELECTOR = YES;
				GCC_WARN_UNINITIALIZED_AUTOS = YES_AGGRESSIVE;
				GCC_WARN_UNUSED_FUNCTION = YES;
				GCC_WARN_UNUSED_VARIABLE = YES;
				IPHONEOS_DEPLOYMENT_TARGET = 14.2;
				MTL_ENABLE_DEBUG_INFO = INCLUDE_SOURCE;
				MTL_FAST_MATH = YES;
				ONLY_ACTIVE_ARCH = YES;
				SDKROOT = iphoneos;
				SWIFT_ACTIVE_COMPILATION_CONDITIONS = DEBUG;
				SWIFT_OPTIMIZATION_LEVEL = "-Onone";
			};
			name = Debug;
		};
		F3B28DFB25BB55F400757AEF /* Release */ = {
			isa = XCBuildConfiguration;
			buildSettings = {
				ALWAYS_SEARCH_USER_PATHS = NO;
				CLANG_ANALYZER_LOCALIZABILITY_NONLOCALIZED = YES;
				CLANG_ANALYZER_NONNULL = YES;
				CLANG_ANALYZER_NUMBER_OBJECT_CONVERSION = YES_AGGRESSIVE;
				CLANG_CXX_LANGUAGE_STANDARD = "gnu++14";
				CLANG_CXX_LIBRARY = "libc++";
				CLANG_ENABLE_MODULES = YES;
				CLANG_ENABLE_OBJC_ARC = YES;
				CLANG_ENABLE_OBJC_WEAK = YES;
				CLANG_WARN_BLOCK_CAPTURE_AUTORELEASING = YES;
				CLANG_WARN_BOOL_CONVERSION = YES;
				CLANG_WARN_COMMA = YES;
				CLANG_WARN_CONSTANT_CONVERSION = YES;
				CLANG_WARN_DEPRECATED_OBJC_IMPLEMENTATIONS = YES;
				CLANG_WARN_DIRECT_OBJC_ISA_USAGE = YES_ERROR;
				CLANG_WARN_DOCUMENTATION_COMMENTS = YES;
				CLANG_WARN_EMPTY_BODY = YES;
				CLANG_WARN_ENUM_CONVERSION = YES;
				CLANG_WARN_INFINITE_RECURSION = YES;
				CLANG_WARN_INT_CONVERSION = YES;
				CLANG_WARN_NON_LITERAL_NULL_CONVERSION = YES;
				CLANG_WARN_OBJC_IMPLICIT_RETAIN_SELF = YES;
				CLANG_WARN_OBJC_LITERAL_CONVERSION = YES;
				CLANG_WARN_OBJC_ROOT_CLASS = YES_ERROR;
				CLANG_WARN_QUOTED_INCLUDE_IN_FRAMEWORK_HEADER = YES;
				CLANG_WARN_RANGE_LOOP_ANALYSIS = YES;
				CLANG_WARN_STRICT_PROTOTYPES = YES;
				CLANG_WARN_SUSPICIOUS_MOVE = YES;
				CLANG_WARN_UNGUARDED_AVAILABILITY = YES_AGGRESSIVE;
				CLANG_WARN_UNREACHABLE_CODE = YES;
				CLANG_WARN__DUPLICATE_METHOD_MATCH = YES;
				COPY_PHASE_STRIP = NO;
				DEBUG_INFORMATION_FORMAT = "dwarf-with-dsym";
				ENABLE_NS_ASSERTIONS = NO;
				ENABLE_STRICT_OBJC_MSGSEND = YES;
				GCC_C_LANGUAGE_STANDARD = gnu11;
				GCC_NO_COMMON_BLOCKS = YES;
				GCC_WARN_64_TO_32_BIT_CONVERSION = YES;
				GCC_WARN_ABOUT_RETURN_TYPE = YES_ERROR;
				GCC_WARN_UNDECLARED_SELECTOR = YES;
				GCC_WARN_UNINITIALIZED_AUTOS = YES_AGGRESSIVE;
				GCC_WARN_UNUSED_FUNCTION = YES;
				GCC_WARN_UNUSED_VARIABLE = YES;
				IPHONEOS_DEPLOYMENT_TARGET = 14.2;
				MTL_ENABLE_DEBUG_INFO = NO;
				MTL_FAST_MATH = YES;
				SDKROOT = iphoneos;
				SWIFT_COMPILATION_MODE = wholemodule;
				SWIFT_OPTIMIZATION_LEVEL = "-O";
				VALIDATE_PRODUCT = YES;
			};
			name = Release;
		};
		F3B28DFD25BB55F400757AEF /* Debug */ = {
			isa = XCBuildConfiguration;
			buildSettings = {
				ASSETCATALOG_COMPILER_APPICON_NAME = AppIcon;
				ASSETCATALOG_COMPILER_GLOBAL_ACCENT_COLOR_NAME = AccentColor;
				CODE_SIGN_STYLE = Automatic;
				DEVELOPMENT_TEAM = M67X2W36KY;
				INFOPLIST_FILE = assignment/Info.plist;
				IPHONEOS_DEPLOYMENT_TARGET = 13.0;
				LD_RUNPATH_SEARCH_PATHS = (
					"$(inherited)",
					"@executable_path/Frameworks",
				);
				PRODUCT_BUNDLE_IDENTIFIER = com.martinmiklas.assignment;
				PRODUCT_NAME = "$(TARGET_NAME)";
				SWIFT_VERSION = 5.0;
				TARGETED_DEVICE_FAMILY = "1,2";
			};
			name = Debug;
		};
		F3B28DFE25BB55F400757AEF /* Release */ = {
			isa = XCBuildConfiguration;
			buildSettings = {
				ASSETCATALOG_COMPILER_APPICON_NAME = AppIcon;
				ASSETCATALOG_COMPILER_GLOBAL_ACCENT_COLOR_NAME = AccentColor;
				CODE_SIGN_STYLE = Automatic;
				DEVELOPMENT_TEAM = M67X2W36KY;
				INFOPLIST_FILE = assignment/Info.plist;
				IPHONEOS_DEPLOYMENT_TARGET = 13.0;
				LD_RUNPATH_SEARCH_PATHS = (
					"$(inherited)",
					"@executable_path/Frameworks",
				);
				PRODUCT_BUNDLE_IDENTIFIER = com.martinmiklas.assignment;
				PRODUCT_NAME = "$(TARGET_NAME)";
				SWIFT_VERSION = 5.0;
				TARGETED_DEVICE_FAMILY = "1,2";
			};
			name = Release;
		};
/* End XCBuildConfiguration section */

/* Begin XCConfigurationList section */
		F3B28DE325BB55F100757AEF /* Build configuration list for PBXProject "assignment" */ = {
			isa = XCConfigurationList;
			buildConfigurations = (
				F3B28DFA25BB55F400757AEF /* Debug */,
				F3B28DFB25BB55F400757AEF /* Release */,
			);
			defaultConfigurationIsVisible = 0;
			defaultConfigurationName = Release;
		};
		F3B28DFC25BB55F400757AEF /* Build configuration list for PBXNativeTarget "assignment" */ = {
			isa = XCConfigurationList;
			buildConfigurations = (
				F3B28DFD25BB55F400757AEF /* Debug */,
				F3B28DFE25BB55F400757AEF /* Release */,
			);
			defaultConfigurationIsVisible = 0;
			defaultConfigurationName = Release;
		};
/* End XCConfigurationList section */

/* Begin XCVersionGroup section */
		F32CC73225BF67960097B4F4 /* Model.xcdatamodeld */ = {
			isa = XCVersionGroup;
			children = (
				F32CC73325BF67960097B4F4 /* Model.xcdatamodel */,
			);
			currentVersion = F32CC73325BF67960097B4F4 /* Model.xcdatamodel */;
			path = Model.xcdatamodeld;
			sourceTree = "<group>";
			versionGroupType = wrapper.xcdatamodel;
		};
/* End XCVersionGroup section */
	};
	rootObject = F3B28DE025BB55F100757AEF /* Project object */;
}
